
Microsoft Visual Studio Solution File, Format Version 12.00
# Visual Studio Version 17
VisualStudioVersion = 17.4.33403.182
MinimumVisualStudioVersion = 10.0.40219.1
Project("{8BC9CEB8-8B4A-11D0-8D11-00A0C91BC942}") = "cuda_nn", "cuda_nn\cuda_nn.vcxproj", "{DC2627CF-5CAC-4284-A3D6-13AB004E806D}"
EndProject
Global
	GlobalSection(SolutionConfigurationPlatforms) = preSolution
		Debug|x64 = Debug|x64
		Release|x64 = Release|x64
	EndGlobalSection
	GlobalSection(ProjectConfigurationPlatforms) = postSolution
		{DC2627CF-5CAC-4284-A3D6-13AB004E806D}.Debug|x64.ActiveCfg = Debug|x64
		{DC2627CF-5CAC-4284-A3D6-13AB004E806D}.Debug|x64.Build.0 = Debug|x64
		{DC2627CF-5CAC-4284-A3D6-13AB004E806D}.Release|x64.ActiveCfg = Release|x64
		{DC2627CF-5CAC-4284-A3D6-13AB004E806D}.Release|x64.Build.0 = Release|x64
	EndGlobalSection
	GlobalSection(SolutionProperties) = preSolution
		HideSolutionNode = FALSE
	EndGlobalSection
	GlobalSection(ExtensibilityGlobals) = postSolution
		SolutionGuid = {112E2A60-0119-44E5-8BB7-2BF238C21E68}
	EndGlobalSection
EndGlobal
