<?xml version="1.0" encoding="utf-8"?>
<Project ToolsVersion="4.0" xmlns="http://schemas.microsoft.com/developer/msbuild/2003">
  <ItemGroup>
    <CudaCompile Include="main.cpp" />
    <CudaCompile Include="linear.cu">
      <Filter>layers</Filter>
    </CudaCompile>
    <CudaCompile Include="ReLU.cu">
      <Filter>layers</Filter>
    </CudaCompile>
    <CudaCompile Include="Sigmoid.cu">
      <Filter>layers</Filter>
    </CudaCompile>
  </ItemGroup>
  <ItemGroup>
    <Filter Include="layers">
      <UniqueIdentifier>{1e3f7fc0-b661-4c54-b682-1d6cf94f9063}</UniqueIdentifier>
    </Filter>
    <Filter Include="utils">
      <UniqueIdentifier>{13bca7e6-e5e9-4d0d-8ed9-203d0b3914d7}</UniqueIdentifier>
    </Filter>
    <Filter Include="costs">
      <UniqueIdentifier>{7ab37327-9078-47be-b24e-34765a9bc1d4}</UniqueIdentifier>
    </Filter>
  </ItemGroup>
  <ItemGroup>
    <ClInclude Include="layer.h">
      <Filter>layers</Filter>
    </ClInclude>
    <ClInclude Include="linear.h">
      <Filter>layers</Filter>
    </ClInclude>
    <ClInclude Include="Tensor.h">
      <Filter>utils</Filter>
    </ClInclude>
    <ClInclude Include="tensor_oprations.cuh">
      <Filter>utils</Filter>
    </ClInclude>
    <ClInclude Include="ReLU.h">
      <Filter>layers</Filter>
    </ClInclude>
    <ClInclude Include="Sigmoid.h">
      <Filter>layers</Filter>
    </ClInclude>
  </ItemGroup>
  <ItemGroup>
    <ClCompile Include="tensor_oprations.cu">
      <Filter>utils</Filter>
    </ClCompile>
    <ClCompile Include="Errorhelper.cpp">
      <Filter>utils</Filter>
    </ClCompile>
    <ClCompile Include="Tensor.cu">
      <Filter>utils</Filter>
    </ClCompile>
  </ItemGroup>
</Project>